--- 
dependencies: 
  rails: 
    group: 
    - :default
    version: ">= 0"
  authlogic: 
    group: 
    - :default
    version: ">= 0"
  encryptor: 
    group: 
    - :default
    version: ">= 0"
specs: 
- rake: 
    version: 0.8.7
- activesupport: 
    version: 2.3.8
- rack: 
    version: 1.1.0
- actionpack: 
    version: 2.3.8
- actionmailer: 
    version: 2.3.8
- activerecord: 
    version: 2.3.8
- activeresource: 
    version: 2.3.8
- authlogic: 
    version: 2.1.5
- encryptor: 
    version: 1.1.1
- rails: 
    version: 2.3.8
hash: d4db589930d5b97fe9d747c5877fd8af5ffca8c8
sources: 
- Rubygems: 
    uri: http://rubygems.org
